
Microsoft Visual Studio Solution File, Format Version 12.00
# Visual Studio 15
VisualStudioVersion = 15.0.27428.2043
MinimumVisualStudioVersion = 10.0.40219.1
Project("{9A19103F-16F7-4668-BE54-9A1E7A4F7556}") = "studyAssistant", "studyAssistant.csproj", "{1E7A9AD2-57E8-4D85-A7D3-57D7F09FB532}"
EndProject
Global
	GlobalSection(SolutionConfigurationPlatforms) = preSolution
		Debug|Any CPU = Debug|Any CPU
		Debug|x64 = Debug|x64
		Debug|x86 = Debug|x86
		Release|Any CPU = Release|Any CPU
		Release|x64 = Release|x64
		Release|x86 = Release|x86
	EndGlobalSection
	GlobalSection(ProjectConfigurationPlatforms) = postSolution
		{1E7A9AD2-57E8-4D85-A7D3-57D7F09FB532}.Debug|Any CPU.ActiveCfg = Debug|Any CPU
		{1E7A9AD2-57E8-4D85-A7D3-57D7F09FB532}.Debug|Any CPU.Build.0 = Debug|Any CPU
		{1E7A9AD2-57E8-4D85-A7D3-57D7F09FB532}.Debug|x64.ActiveCfg = Debug|Any CPU
		{1E7A9AD2-57E8-4D85-A7D3-57D7F09FB532}.Debug|x64.Build.0 = Debug|Any CPU
		{1E7A9AD2-57E8-4D85-A7D3-57D7F09FB532}.Debug|x86.ActiveCfg = Debug|Any CPU
		{1E7A9AD2-57E8-4D85-A7D3-57D7F09FB532}.Debug|x86.Build.0 = Debug|Any CPU
		{1E7A9AD2-57E8-4D85-A7D3-57D7F09FB532}.Release|Any CPU.ActiveCfg = Release|Any CPU
		{1E7A9AD2-57E8-4D85-A7D3-57D7F09FB532}.Release|Any CPU.Build.0 = Release|Any CPU
		{1E7A9AD2-57E8-4D85-A7D3-57D7F09FB532}.Release|x64.ActiveCfg = Release|Any CPU
		{1E7A9AD2-57E8-4D85-A7D3-57D7F09FB532}.Release|x64.Build.0 = Release|Any CPU
		{1E7A9AD2-57E8-4D85-A7D3-57D7F09FB532}.Release|x86.ActiveCfg = Release|Any CPU
		{1E7A9AD2-57E8-4D85-A7D3-57D7F09FB532}.Release|x86.Build.0 = Release|Any CPU
	EndGlobalSection
	GlobalSection(SolutionProperties) = preSolution
		HideSolutionNode = FALSE
	EndGlobalSection
	GlobalSection(ExtensibilityGlobals) = postSolution
		SolutionGuid = {8238EF9C-C59D-4206-A1A7-D3B3E43D466F}
	EndGlobalSection
EndGlobal
