# THIS IS AN AUTOGENERATED FILE. DO NOT EDIT THIS FILE DIRECTLY.
# yarn lockfile v1


animate.css@^3.5.2:
  version "3.6.1"
  resolved "https://registry.yarnpkg.com/animate.css/-/animate.css-3.6.1.tgz#4ea8a48556378bc8d7535224296c4c0dac9229de"

ansi-escapes@^1.1.0:
  version "1.4.0"
  resolved "https://registry.yarnpkg.com/ansi-escapes/-/ansi-escapes-1.4.0.tgz#d3a8a83b319aa67793662b13e761c7911422306e"

ansi-regex@^2.0.0:
  version "2.1.1"
  resolved "https://registry.yarnpkg.com/ansi-regex/-/ansi-regex-2.1.1.tgz#c3b33ab5ee360d86e0e628f0468ae7ef27d654df"

ansi-regex@^3.0.0:
  version "3.0.0"
  resolved "https://registry.yarnpkg.com/ansi-regex/-/ansi-regex-3.0.0.tgz#ed0317c322064f79466c02966bddb605ab37d998"

ansi-styles@^2.2.1:
  version "2.2.1"
  resolved "https://registry.yarnpkg.com/ansi-styles/-/ansi-styles-2.2.1.tgz#b432dd3358b634cf75e1e4664368240533c1ddbe"

babel-polyfill@6.23.0:
  version "6.23.0"
  resolved "https://registry.yarnpkg.com/babel-polyfill/-/babel-polyfill-6.23.0.tgz#8364ca62df8eafb830499f699177466c3b03499d"
  dependencies:
    babel-runtime "^6.22.0"
    core-js "^2.4.0"
    regenerator-runtime "^0.10.0"

babel-runtime@^6.22.0:
  version "6.26.0"
  resolved "https://registry.yarnpkg.com/babel-runtime/-/babel-runtime-6.26.0.tgz#965c7058668e82b55d7bfe04ff2337bc8b5647fe"
  dependencies:
    core-js "^2.4.0"
    regenerator-runtime "^0.11.0"

bootstrap@4.0.0:
  version "4.0.0"
  resolved "https://registry.yarnpkg.com/bootstrap/-/bootstrap-4.0.0.tgz#ceb03842c145fcc1b9b4e15da2a05656ba68469a"

chalk@1.1.3, chalk@^1.0.0:
  version "1.1.3"
  resolved "https://registry.yarnpkg.com/chalk/-/chalk-1.1.3.tgz#a8115c55e4a702fe4d150abd3872822a7e09fc98"
  dependencies:
    ansi-styles "^2.2.1"
    escape-string-regexp "^1.0.2"
    has-ansi "^2.0.0"
    strip-ansi "^3.0.0"
    supports-color "^2.0.0"

chardet@^0.4.0:
  version "0.4.2"
  resolved "https://registry.yarnpkg.com/chardet/-/chardet-0.4.2.tgz#b5473b33dc97c424e5d98dc87d55d4d8a29c8bf2"

chart.js@^2.7.2:
  version "2.7.2"
  resolved "https://registry.yarnpkg.com/chart.js/-/chart.js-2.7.2.tgz#3c9fde4dc5b95608211bdefeda7e5d33dffa5714"
  dependencies:
    chartjs-color "^2.1.0"
    moment "^2.10.2"

chartjs-color-string@^0.5.0:
  version "0.5.0"
  resolved "https://registry.yarnpkg.com/chartjs-color-string/-/chartjs-color-string-0.5.0.tgz#8d3752d8581d86687c35bfe2cb80ac5213ceb8c1"
  dependencies:
    color-name "^1.0.0"

chartjs-color@^2.1.0:
  version "2.2.0"
  resolved "https://registry.yarnpkg.com/chartjs-color/-/chartjs-color-2.2.0.tgz#84a2fb755787ed85c39dd6dd8c7b1d88429baeae"
  dependencies:
    chartjs-color-string "^0.5.0"
    color-convert "^0.5.3"

cli-cursor@^2.1.0:
  version "2.1.0"
  resolved "https://registry.yarnpkg.com/cli-cursor/-/cli-cursor-2.1.0.tgz#b35dac376479facc3e94747d41d0d0f5238ffcb5"
  dependencies:
    restore-cursor "^2.0.0"

cli-width@^2.0.0:
  version "2.2.0"
  resolved "https://registry.yarnpkg.com/cli-width/-/cli-width-2.2.0.tgz#ff19ede8a9a5e579324147b0c11f0fbcbabed639"

clone@^2.1.1:
  version "2.1.1"
  resolved "https://registry.yarnpkg.com/clone/-/clone-2.1.1.tgz#d217d1e961118e3ac9a4b8bba3285553bf647cdb"

color-convert@^0.5.3:
  version "0.5.3"
  resolved "https://registry.yarnpkg.com/color-convert/-/color-convert-0.5.3.tgz#bdb6c69ce660fadffe0b0007cc447e1b9f7282bd"

color-name@^1.0.0:
  version "1.1.3"
  resolved "https://registry.yarnpkg.com/color-name/-/color-name-1.1.3.tgz#a7d0558bd89c42f795dd42328f740831ca53bc25"

core-js@^2.4.0:
  version "2.5.7"
  resolved "https://registry.yarnpkg.com/core-js/-/core-js-2.5.7.tgz#f972608ff0cead68b841a16a932d0b183791814e"

deep-equal@^1.0.1:
  version "1.0.1"
  resolved "https://registry.yarnpkg.com/deep-equal/-/deep-equal-1.0.1.tgz#f5d260292b660e084eff4cdbc9f08ad3247448b5"

dropzone@5.3.0:
  version "5.3.0"
  resolved "https://registry.yarnpkg.com/dropzone/-/dropzone-5.3.0.tgz#41c7a8a7cc6d237e3b28664e7a0719660d067edc"

encoding@^0.1.11:
  version "0.1.12"
  resolved "https://registry.yarnpkg.com/encoding/-/encoding-0.1.12.tgz#538b66f3ee62cd1ab51ec323829d1f9480c74beb"
  dependencies:
    iconv-lite "~0.4.13"

escape-string-regexp@^1.0.2, escape-string-regexp@^1.0.5:
  version "1.0.5"
  resolved "https://registry.yarnpkg.com/escape-string-regexp/-/escape-string-regexp-1.0.5.tgz#1b61c0562190a8dff6ae3bb2cf0200ca130b86d4"

eve-raphael@0.5.0:
  version "0.5.0"
  resolved "https://registry.yarnpkg.com/eve-raphael/-/eve-raphael-0.5.0.tgz#17c754b792beef3fa6684d79cf5a47c63c4cda30"

eventemitter3@^2.0.3:
  version "2.0.3"
  resolved "https://registry.yarnpkg.com/eventemitter3/-/eventemitter3-2.0.3.tgz#b5e1079b59fb5e1ba2771c0a993be060a58c99ba"

extend@^3.0.1:
  version "3.0.1"
  resolved "https://registry.yarnpkg.com/extend/-/extend-3.0.1.tgz#a755ea7bc1adfcc5a31ce7e762dbaadc5e636444"

external-editor@^2.0.1:
  version "2.2.0"
  resolved "https://registry.yarnpkg.com/external-editor/-/external-editor-2.2.0.tgz#045511cfd8d133f3846673d1047c154e214ad3d5"
  dependencies:
    chardet "^0.4.0"
    iconv-lite "^0.4.17"
    tmp "^0.0.33"

fast-diff@1.1.2:
  version "1.1.2"
  resolved "https://registry.yarnpkg.com/fast-diff/-/fast-diff-1.1.2.tgz#4b62c42b8e03de3f848460b639079920695d0154"

figures@^2.0.0:
  version "2.0.0"
  resolved "https://registry.yarnpkg.com/figures/-/figures-2.0.0.tgz#3ab1a2d2a62c8bfb431a0c94cb797a2fce27c962"
  dependencies:
    escape-string-regexp "^1.0.5"

font-awesome@4.7.0:
  version "4.7.0"
  resolved "https://registry.yarnpkg.com/font-awesome/-/font-awesome-4.7.0.tgz#8fa8cf0411a1a31afd07b06d2902bb9fc815a133"

has-ansi@^2.0.0:
  version "2.0.0"
  resolved "https://registry.yarnpkg.com/has-ansi/-/has-ansi-2.0.0.tgz#34f5049ce1ecdf2b0649af3ef24e45ed35416d91"
  dependencies:
    ansi-regex "^2.0.0"

iconv-lite@^0.4.17, iconv-lite@~0.4.13:
  version "0.4.23"
  resolved "https://registry.yarnpkg.com/iconv-lite/-/iconv-lite-0.4.23.tgz#297871f63be507adcfbfca715d0cd0eed84e9a63"
  dependencies:
    safer-buffer ">= 2.1.2 < 3"

inquirer@3.0.6:
  version "3.0.6"
  resolved "https://registry.yarnpkg.com/inquirer/-/inquirer-3.0.6.tgz#e04aaa9d05b7a3cb9b0f407d04375f0447190347"
  dependencies:
    ansi-escapes "^1.1.0"
    chalk "^1.0.0"
    cli-cursor "^2.1.0"
    cli-width "^2.0.0"
    external-editor "^2.0.1"
    figures "^2.0.0"
    lodash "^4.3.0"
    mute-stream "0.0.7"
    run-async "^2.2.0"
    rx "^4.1.0"
    string-width "^2.0.0"
    strip-ansi "^3.0.0"
    through "^2.3.6"

is-fullwidth-code-point@^2.0.0:
  version "2.0.0"
  resolved "https://registry.yarnpkg.com/is-fullwidth-code-point/-/is-fullwidth-code-point-2.0.0.tgz#a3b30a5c4f199183167aaab93beefae3ddfb654f"

is-promise@^2.1.0:
  version "2.1.0"
  resolved "https://registry.yarnpkg.com/is-promise/-/is-promise-2.1.0.tgz#79a2a9ece7f096e80f36d2b2f3bc16c1ff4bf3fa"

is-stream@^1.0.1:
  version "1.1.0"
  resolved "https://registry.yarnpkg.com/is-stream/-/is-stream-1.1.0.tgz#12d4a3dd4e68e0b79ceb8dbc84173ae80d91ca44"

jquery-flot@0.8.3:
  version "0.8.3"
  resolved "https://registry.yarnpkg.com/jquery-flot/-/jquery-flot-0.8.3.tgz#a273acf43f13190f6e78701869ee24bfef12c22a"

jquery-sparkline@2.4.0:
  version "2.4.0"
  resolved "https://registry.yarnpkg.com/jquery-sparkline/-/jquery-sparkline-2.4.0.tgz#1be8b7b704dd3857152708aefb1d4a4b3a69fb33"

jquery-touchswipe@1.6.18:
  version "1.6.18"
  resolved "https://registry.yarnpkg.com/jquery-touchswipe/-/jquery-touchswipe-1.6.18.tgz#fd65a09611edc3fece8ef480ae48569d42f984e2"

jquery-validation-unobtrusive@^3.2.10:
  version "3.2.10"
  resolved "https://registry.yarnpkg.com/jquery-validation-unobtrusive/-/jquery-validation-unobtrusive-3.2.10.tgz#5ed7096c10d917c272ce71055b90ca67c27c219c"
  dependencies:
    jquery ">=1.8"
    jquery-validation ">=1.16"

jquery-validation@1.17.0, jquery-validation@>=1.16:
  version "1.17.0"
  resolved "https://registry.yarnpkg.com/jquery-validation/-/jquery-validation-1.17.0.tgz#ab66b6b583d7740b9bbd148993e50e8ac041f35b"
  dependencies:
    jquery "^1.7 || ^2.0 || ^3.1"

jquery.browser@0.1.0:
  version "0.1.0"
  resolved "https://registry.yarnpkg.com/jquery.browser/-/jquery.browser-0.1.0.tgz#9c72a6095fd2814b44476ea8f716677b72a6a2bb"

jquery.flot.tooltip@0.9.0:
  version "0.9.0"
  resolved "https://registry.yarnpkg.com/jquery.flot.tooltip/-/jquery.flot.tooltip-0.9.0.tgz#ae16bf94b26c2ed9ab4db167bba52dfdb615c1df"

jquery@3.0.0:
  version "3.0.0"
  resolved "https://registry.yarnpkg.com/jquery/-/jquery-3.0.0.tgz#95a2a9541291a9f819e016f85ba247116d03e4ab"

jquery@>=1.8, "jquery@^1.7 || ^2.0 || ^3.1":
  version "3.3.1"
  resolved "https://registry.yarnpkg.com/jquery/-/jquery-3.3.1.tgz#958ce29e81c9790f31be7792df5d4d95fc57fbca"

jquery@~1.11.3:
  version "1.11.3"
  resolved "https://registry.yarnpkg.com/jquery/-/jquery-1.11.3.tgz#dd8b74278b27102d29df63eae28308a8cfa1b583"

jqvmap@1.5.1:
  version "1.5.1"
  resolved "https://registry.yarnpkg.com/jqvmap/-/jqvmap-1.5.1.tgz#1670a731d02386373da4cfaebd4db0eb634d4cfb"
  dependencies:
    jquery "~1.11.3"

lodash@^4.3.0:
  version "4.17.10"
  resolved "https://registry.yarnpkg.com/lodash/-/lodash-4.17.10.tgz#1b7793cf7259ea38fb3661d4d38b3260af8ae4e7"

metismenu@2.7.2:
  version "2.7.2"
  resolved "https://registry.yarnpkg.com/metismenu/-/metismenu-2.7.2.tgz#82495746b0591aaa10aeef3c149c59c3ca02d219"

mimic-fn@^1.0.0:
  version "1.2.0"
  resolved "https://registry.yarnpkg.com/mimic-fn/-/mimic-fn-1.2.0.tgz#820c86a39334640e99516928bd03fca88057d022"

minimist@1.2.0:
  version "1.2.0"
  resolved "https://registry.yarnpkg.com/minimist/-/minimist-1.2.0.tgz#a35008b20f41383eec1fb914f4cd5df79a264284"

moment@^2.10.2:
  version "2.22.2"
  resolved "https://registry.yarnpkg.com/moment/-/moment-2.22.2.tgz#3c257f9839fc0e93ff53149632239eb90783ff66"

morris.js@0.5.0:
  version "0.5.0"
  resolved "https://registry.yarnpkg.com/morris.js/-/morris.js-0.5.0.tgz#725767135cfae059aae75999bb2ce6a1c5d1b44b"

mute-stream@0.0.7:
  version "0.0.7"
  resolved "https://registry.yarnpkg.com/mute-stream/-/mute-stream-0.0.7.tgz#3075ce93bc21b8fab43e1bc4da7e8115ed1e7bab"

node-fetch@1.6.3:
  version "1.6.3"
  resolved "https://registry.yarnpkg.com/node-fetch/-/node-fetch-1.6.3.tgz#dc234edd6489982d58e8f0db4f695029abcd8c04"
  dependencies:
    encoding "^0.1.11"
    is-stream "^1.0.1"

nprogress@0.2.0:
  version "0.2.0"
  resolved "https://registry.yarnpkg.com/nprogress/-/nprogress-0.2.0.tgz#cb8f34c53213d895723fcbab907e9422adbcafb1"

object-assign@^4.0.1:
  version "4.1.1"
  resolved "https://registry.yarnpkg.com/object-assign/-/object-assign-4.1.1.tgz#2109adc7965887cfc05cbbd442cac8bfbb360863"

onetime@^2.0.0:
  version "2.0.1"
  resolved "https://registry.yarnpkg.com/onetime/-/onetime-2.0.1.tgz#067428230fd67443b2794b22bba528b6867962d4"
  dependencies:
    mimic-fn "^1.0.0"

opencollective@1.0.3:
  version "1.0.3"
  resolved "https://registry.yarnpkg.com/opencollective/-/opencollective-1.0.3.tgz#aee6372bc28144583690c3ca8daecfc120dd0ef1"
  dependencies:
    babel-polyfill "6.23.0"
    chalk "1.1.3"
    inquirer "3.0.6"
    minimist "1.2.0"
    node-fetch "1.6.3"
    opn "4.0.2"

opn@4.0.2:
  version "4.0.2"
  resolved "https://registry.yarnpkg.com/opn/-/opn-4.0.2.tgz#7abc22e644dff63b0a96d5ab7f2790c0f01abc95"
  dependencies:
    object-assign "^4.0.1"
    pinkie-promise "^2.0.0"

os-tmpdir@~1.0.2:
  version "1.0.2"
  resolved "https://registry.yarnpkg.com/os-tmpdir/-/os-tmpdir-1.0.2.tgz#bbe67406c79aa85c5cfec766fe5734555dfa1274"

parchment@^1.1.3:
  version "1.1.4"
  resolved "https://registry.yarnpkg.com/parchment/-/parchment-1.1.4.tgz#aeded7ab938fe921d4c34bc339ce1168bc2ffde5"

pinkie-promise@^2.0.0:
  version "2.0.1"
  resolved "https://registry.yarnpkg.com/pinkie-promise/-/pinkie-promise-2.0.1.tgz#2135d6dfa7a358c069ac9b178776288228450ffa"
  dependencies:
    pinkie "^2.0.0"

pinkie@^2.0.0:
  version "2.0.4"
  resolved "https://registry.yarnpkg.com/pinkie/-/pinkie-2.0.4.tgz#72556b80cfa0d48a974e80e77248e80ed4f7f870"

popper.js@1.12.9:
  version "1.12.9"
  resolved "https://registry.yarnpkg.com/popper.js/-/popper.js-1.12.9.tgz#0dfbc2dff96c451bb332edcfcfaaf566d331d5b3"

quill-delta@^3.6.2:
  version "3.6.2"
  resolved "https://registry.yarnpkg.com/quill-delta/-/quill-delta-3.6.2.tgz#76eed0163b8b09a076fba6ade29307c42b40b8d8"
  dependencies:
    deep-equal "^1.0.1"
    extend "^3.0.1"
    fast-diff "1.1.2"

quill@1.3.5:
  version "1.3.5"
  resolved "https://registry.yarnpkg.com/quill/-/quill-1.3.5.tgz#26fa625fda416c4eae324fb23fd1a506dad5979f"
  dependencies:
    clone "^2.1.1"
    deep-equal "^1.0.1"
    eventemitter3 "^2.0.3"
    extend "^3.0.1"
    parchment "^1.1.3"
    quill-delta "^3.6.2"

raphael@2.2.7:
  version "2.2.7"
  resolved "https://registry.yarnpkg.com/raphael/-/raphael-2.2.7.tgz#231b19141f8d086986d8faceb66f8b562ee2c810"
  dependencies:
    eve-raphael "0.5.0"

regenerator-runtime@^0.10.0:
  version "0.10.5"
  resolved "https://registry.yarnpkg.com/regenerator-runtime/-/regenerator-runtime-0.10.5.tgz#336c3efc1220adcedda2c9fab67b5a7955a33658"

regenerator-runtime@^0.11.0:
  version "0.11.1"
  resolved "https://registry.yarnpkg.com/regenerator-runtime/-/regenerator-runtime-0.11.1.tgz#be05ad7f9bf7d22e056f9726cee5017fbf19e2e9"

requirejs@^2.3.5:
  version "2.3.5"
  resolved "https://registry.yarnpkg.com/requirejs/-/requirejs-2.3.5.tgz#617b9acbbcb336540ef4914d790323a8d4b861b0"

responsive-toolkit@2.6.3:
  version "2.6.3"
  resolved "https://registry.yarnpkg.com/responsive-toolkit/-/responsive-toolkit-2.6.3.tgz#410c2a41b819f46a56f4d9c23bd1d9b3771f5026"

restore-cursor@^2.0.0:
  version "2.0.0"
  resolved "https://registry.yarnpkg.com/restore-cursor/-/restore-cursor-2.0.0.tgz#9f7ee287f82fd326d4fd162923d62129eee0dfaf"
  dependencies:
    onetime "^2.0.0"
    signal-exit "^3.0.2"

run-async@^2.2.0:
  version "2.3.0"
  resolved "https://registry.yarnpkg.com/run-async/-/run-async-2.3.0.tgz#0371ab4ae0bdd720d4166d7dfda64ff7a445a6c0"
  dependencies:
    is-promise "^2.1.0"

rx@^4.1.0:
  version "4.1.0"
  resolved "https://registry.yarnpkg.com/rx/-/rx-4.1.0.tgz#a5f13ff79ef3b740fe30aa803fb09f98805d4782"

"safer-buffer@>= 2.1.2 < 3":
  version "2.1.2"
  resolved "https://registry.yarnpkg.com/safer-buffer/-/safer-buffer-2.1.2.tgz#44fa161b0187b9549dd84bb91802f9bd8385cd6a"

signal-exit@^3.0.2:
  version "3.0.2"
  resolved "https://registry.yarnpkg.com/signal-exit/-/signal-exit-3.0.2.tgz#b5fdc08f1287ea1178628e415e25132b73646c6d"

simple-line-icons@^2.4.1:
  version "2.4.1"
  resolved "https://registry.yarnpkg.com/simple-line-icons/-/simple-line-icons-2.4.1.tgz#b75bc5a0d87e530928c2ccda5735274bb256f234"

sortablejs@1.7.0:
  version "1.7.0"
  resolved "https://registry.yarnpkg.com/sortablejs/-/sortablejs-1.7.0.tgz#80a2b2370abd568e1cec8c271131ef30a904fa28"

string-width@^2.0.0:
  version "2.1.1"
  resolved "https://registry.yarnpkg.com/string-width/-/string-width-2.1.1.tgz#ab93f27a8dc13d28cac815c462143a6d9012ae9e"
  dependencies:
    is-fullwidth-code-point "^2.0.0"
    strip-ansi "^4.0.0"

strip-ansi@^3.0.0:
  version "3.0.1"
  resolved "https://registry.yarnpkg.com/strip-ansi/-/strip-ansi-3.0.1.tgz#6a385fb8853d952d5ff05d0e8aaf94278dc63dcf"
  dependencies:
    ansi-regex "^2.0.0"

strip-ansi@^4.0.0:
  version "4.0.0"
  resolved "https://registry.yarnpkg.com/strip-ansi/-/strip-ansi-4.0.0.tgz#a8479022eb1ac368a871389b635262c505ee368f"
  dependencies:
    ansi-regex "^3.0.0"

supports-color@^2.0.0:
  version "2.0.0"
  resolved "https://registry.yarnpkg.com/supports-color/-/supports-color-2.0.0.tgz#535d045ce6b6363fa40117084629995e9df324c7"

tether@1.4.3:
  version "1.4.3"
  resolved "https://registry.yarnpkg.com/tether/-/tether-1.4.3.tgz#fd547024c47b6e5c9b87e1880f997991a9a6ad54"

through@^2.3.6:
  version "2.3.8"
  resolved "https://registry.yarnpkg.com/through/-/through-2.3.8.tgz#0dd4c9ffaabc357960b1b724115d7e0e86a2e1f5"

tinycolor2@1.4.1:
  version "1.4.1"
  resolved "https://registry.yarnpkg.com/tinycolor2/-/tinycolor2-1.4.1.tgz#f4fad333447bc0b07d4dc8e9209d8f39a8ac77e8"

tmp@^0.0.33:
  version "0.0.33"
  resolved "https://registry.yarnpkg.com/tmp/-/tmp-0.0.33.tgz#6d34335889768d21b2bcda0aa277ced3b1bfadf9"
  dependencies:
    os-tmpdir "~1.0.2"
